%{"certifi": {:hex, :certifi, "0.4.0"},
  "codepagex": {:hex, :codepagex, "0.1.2"},
  "combine": {:hex, :combine, "0.7.0"},
  "floki": {:hex, :floki, "0.8.0"},
  "hackney": {:hex, :hackney, "1.5.2"},
  "httpoison": {:hex, :httpoison, "0.8.2"},
  "idna": {:hex, :idna, "1.1.0"},
  "metrics": {:hex, :metrics, "1.0.1"},
  "mimerl": {:hex, :mimerl, "1.0.2"},
  "mochiweb_html": {:hex, :mochiweb_html, "2.13.0"},
  "parallel": {:hex, :parallel, "0.0.3"},
  "scrape": {:hex, :scrape, "1.0.4"},
  "ssl_verify_hostname": {:hex, :ssl_verify_hostname, "1.0.6"},
  "timex": {:hex, :timex, "0.19.5"},
  "tzdata": {:hex, :tzdata, "0.5.6"}}
